
Microsoft Visual Studio Solution File, Format Version 12.00
# Visual Studio Version 16
VisualStudioVersion = 16.0.29728.190
MinimumVisualStudioVersion = 10.0.40219.1
Project("{FAE04EC0-301F-11D3-BF4B-00C04F79EFBC}") = "WhereTheFile", "WhereTheFile.csproj", "{15436C18-A32F-4347-B5B3-56B56F6AB7FD}"
EndProject
Global
	GlobalSection(SolutionConfigurationPlatforms) = preSolution
		Debug|Any CPU = Debug|Any CPU
		Release|Any CPU = Release|Any CPU
	EndGlobalSection
	GlobalSection(ProjectConfigurationPlatforms) = postSolution
		{15436C18-A32F-4347-B5B3-56B56F6AB7FD}.Debug|Any CPU.ActiveCfg = Debug|Any CPU
		{15436C18-A32F-4347-B5B3-56B56F6AB7FD}.Debug|Any CPU.Build.0 = Debug|Any CPU
		{15436C18-A32F-4347-B5B3-56B56F6AB7FD}.Release|Any CPU.ActiveCfg = Release|Any CPU
		{15436C18-A32F-4347-B5B3-56B56F6AB7FD}.Release|Any CPU.Build.0 = Release|Any CPU
	EndGlobalSection
	GlobalSection(SolutionProperties) = preSolution
		HideSolutionNode = FALSE
	EndGlobalSection
	GlobalSection(ExtensibilityGlobals) = postSolution
		SolutionGuid = {B2D90D57-301D-42F1-92A9-EBF9165164DB}
	EndGlobalSection
EndGlobal
